// !$*UTF8*$!
{
	archiveVersion = 1;
	classes = {
	};
	objectVersion = 45;
	objects = {

/* Begin PBXBuildFile section */
		1D3623260D0F684500981E51 /* iTraktAppDelegate.m in Sources */ = {isa = PBXBuildFile; fileRef = 1D3623250D0F684500981E51 /* iTraktAppDelegate.m */; };
		1D60589F0D05DD5A006BFB54 /* Foundation.framework in Frameworks */ = {isa = PBXBuildFile; fileRef = 1D30AB110D05D00D00671497 /* Foundation.framework */; };
		1DF5F4E00D08C38300B7A737 /* UIKit.framework in Frameworks */ = {isa = PBXBuildFile; fileRef = 1DF5F4DF0D08C38300B7A737 /* UIKit.framework */; };
		2402540C12F5F07B00F651D8 /* thumb.jpg in Resources */ = {isa = PBXBuildFile; fileRef = 2402540A12F5F05800F651D8 /* thumb.jpg */; };
		240D0FA812FB5964002349B5 /* ShowDetailsViewController.m in Sources */ = {isa = PBXBuildFile; fileRef = 240D0FA612FB5964002349B5 /* ShowDetailsViewController.m */; };
		240D101D12FB627E002349B5 /* ShowDetailsViewController.xib in Resources */ = {isa = PBXBuildFile; fileRef = 240D101C12FB627E002349B5 /* ShowDetailsViewController.xib */; };
		2441C23712F457CC00329D69 /* UIImage+Resize.m in Sources */ = {isa = PBXBuildFile; fileRef = 2441C23112F457CC00329D69 /* UIImage+Resize.m */; };
		2441C23812F457CC00329D69 /* UIImage+Alpha.m in Sources */ = {isa = PBXBuildFile; fileRef = 2441C23212F457CC00329D69 /* UIImage+Alpha.m */; };
		2441C23912F457CC00329D69 /* UIImage+RoundedCorner.m in Sources */ = {isa = PBXBuildFile; fileRef = 2441C23312F457CC00329D69 /* UIImage+RoundedCorner.m */; };
		2448DCEE12E9EDD600AC422E /* banner.jpg in Resources */ = {isa = PBXBuildFile; fileRef = 2448DCED12E9EDD600AC422E /* banner.jpg */; };
		2458FBBE12EB6978001B7590 /* iTunesArtwork in Resources */ = {isa = PBXBuildFile; fileRef = 2458FBB312EB6978001B7590 /* iTunesArtwork */; };
		2458FBBF12EB6978001B7590 /* Icon-Small.png in Resources */ = {isa = PBXBuildFile; fileRef = 2458FBB412EB6978001B7590 /* Icon-Small.png */; };
		2458FBC012EB6978001B7590 /* Icon-Small-50.png in Resources */ = {isa = PBXBuildFile; fileRef = 2458FBB512EB6978001B7590 /* Icon-Small-50.png */; };
		2458FBC112EB6978001B7590 /* Icon.png in Resources */ = {isa = PBXBuildFile; fileRef = 2458FBB612EB6978001B7590 /* Icon.png */; };
		2458FBC212EB6978001B7590 /* Icon-Small@2x.png in Resources */ = {isa = PBXBuildFile; fileRef = 2458FBB712EB6978001B7590 /* Icon-Small@2x.png */; };
		2458FBC312EB6978001B7590 /* Icon-72.png in Resources */ = {isa = PBXBuildFile; fileRef = 2458FBB812EB6978001B7590 /* Icon-72.png */; };
		2458FBC412EB6978001B7590 /* Icon@2x.png in Resources */ = {isa = PBXBuildFile; fileRef = 2458FBB912EB6978001B7590 /* Icon@2x.png */; };
		2458FBC512EB6978001B7590 /* Default@2x.png in Resources */ = {isa = PBXBuildFile; fileRef = 2458FBBA12EB6978001B7590 /* Default@2x.png */; };
		2458FBC612EB6978001B7590 /* Default.png in Resources */ = {isa = PBXBuildFile; fileRef = 2458FBBB12EB6978001B7590 /* Default.png */; };
		2458FBC712EB6978001B7590 /* Default-Portrait.png in Resources */ = {isa = PBXBuildFile; fileRef = 2458FBBC12EB6978001B7590 /* Default-Portrait.png */; };
		2458FBC812EB6978001B7590 /* Default-Landscape.png in Resources */ = {isa = PBXBuildFile; fileRef = 2458FBBD12EB6978001B7590 /* Default-Landscape.png */; };
		2479A22C12EC83DB00E2AD4E /* YAJL.framework in Frameworks */ = {isa = PBXBuildFile; fileRef = 2479A22B12EC83DB00E2AD4E /* YAJL.framework */; };
		2484C6AE12E9F568000D3871 /* BroadcastDate.m in Sources */ = {isa = PBXBuildFile; fileRef = 2484C6AD12E9F568000D3871 /* BroadcastDate.m */; };
		24EF210712EA3A2A00B54F6F /* main.m in Sources */ = {isa = PBXBuildFile; fileRef = 29B97316FDCFA39411CA2CEA /* main.m */; };
		2892E4100DC94CBA00A64D0F /* CoreGraphics.framework in Frameworks */ = {isa = PBXBuildFile; fileRef = 2892E40F0DC94CBA00A64D0F /* CoreGraphics.framework */; };
		28AD73600D9D9599002E5188 /* MainWindow.xib in Resources */ = {isa = PBXBuildFile; fileRef = 28AD735F0D9D9599002E5188 /* MainWindow.xib */; };
		28C286E10D94DF7D0034E888 /* CalendarViewController.m in Sources */ = {isa = PBXBuildFile; fileRef = 28C286E00D94DF7D0034E888 /* CalendarViewController.m */; };
		28F335F11007B36200424DE2 /* CalendarViewController.xib in Resources */ = {isa = PBXBuildFile; fileRef = 28F335F01007B36200424DE2 /* CalendarViewController.xib */; };
		510C6AB212F363EB000500A1 /* libNuBaconLib.a in Frameworks */ = {isa = PBXBuildFile; fileRef = 510C6AB112F363EB000500A1 /* libNuBaconLib.a */; };
		510C6ABD12F3644B000500A1 /* bacon_context.nu in Resources */ = {isa = PBXBuildFile; fileRef = 510C6AB712F3644B000500A1 /* bacon_context.nu */; };
		510C6ABE12F3644B000500A1 /* bacon_macros.nu in Resources */ = {isa = PBXBuildFile; fileRef = 510C6AB812F3644B000500A1 /* bacon_macros.nu */; };
		510C6ABF12F3644B000500A1 /* bacon_should.nu in Resources */ = {isa = PBXBuildFile; fileRef = 510C6AB912F3644B000500A1 /* bacon_should.nu */; };
		510C6AC012F3644B000500A1 /* bacon_specification.nu in Resources */ = {isa = PBXBuildFile; fileRef = 510C6ABA12F3644B000500A1 /* bacon_specification.nu */; };
		510C6AC112F3644B000500A1 /* bacon_summary.nu in Resources */ = {isa = PBXBuildFile; fileRef = 510C6ABB12F3644B000500A1 /* bacon_summary.nu */; };
		510C6AC212F3644B000500A1 /* bacon.nu in Resources */ = {isa = PBXBuildFile; fileRef = 510C6ABC12F3644B000500A1 /* bacon.nu */; };
		510C6AD312F36516000500A1 /* CalendarViewController.h in Sources */ = {isa = PBXBuildFile; fileRef = 28C286DF0D94DF7D0034E888 /* CalendarViewController.h */; };
		510C6AD412F36516000500A1 /* CalendarViewController.m in Sources */ = {isa = PBXBuildFile; fileRef = 28C286E00D94DF7D0034E888 /* CalendarViewController.m */; };
		510C6AD512F36516000500A1 /* iTraktAppDelegate.h in Sources */ = {isa = PBXBuildFile; fileRef = 1D3623240D0F684500981E51 /* iTraktAppDelegate.h */; };
		510C6AD612F36516000500A1 /* iTraktAppDelegate.m in Sources */ = {isa = PBXBuildFile; fileRef = 1D3623250D0F684500981E51 /* iTraktAppDelegate.m */; };
		510C6AD712F36516000500A1 /* BroadcastDate.h in Sources */ = {isa = PBXBuildFile; fileRef = 2484C6AC12E9F568000D3871 /* BroadcastDate.h */; };
		510C6AD812F36516000500A1 /* BroadcastDate.m in Sources */ = {isa = PBXBuildFile; fileRef = 2484C6AD12E9F568000D3871 /* BroadcastDate.m */; };
		510C6AD912F36516000500A1 /* EpisodeTableViewCell.h in Sources */ = {isa = PBXBuildFile; fileRef = 51FBCC9512EA375500073C68 /* EpisodeTableViewCell.h */; };
		510C6ADA12F36516000500A1 /* EpisodeTableViewCell.m in Sources */ = {isa = PBXBuildFile; fileRef = 51FBCC9612EA375500073C68 /* EpisodeTableViewCell.m */; };
		510C6ADB12F36516000500A1 /* Episode.h in Sources */ = {isa = PBXBuildFile; fileRef = 51FBCC9812EA391B00073C68 /* Episode.h */; };
		510C6ADC12F36516000500A1 /* Episode.m in Sources */ = {isa = PBXBuildFile; fileRef = 51FBCC9912EA391B00073C68 /* Episode.m */; };
		510C6ADD12F36516000500A1 /* EpisodeDetailsViewController.h in Sources */ = {isa = PBXBuildFile; fileRef = 5134008312EF4D72007ED54E /* EpisodeDetailsViewController.h */; };
		510C6ADE12F36516000500A1 /* EpisodeDetailsViewController.m in Sources */ = {isa = PBXBuildFile; fileRef = 5134008412EF4D72007ED54E /* EpisodeDetailsViewController.m */; };
		510C6ADF12F36516000500A1 /* ImageCell.h in Sources */ = {isa = PBXBuildFile; fileRef = 513400C412EF71A4007ED54E /* ImageCell.h */; };
		510C6AE012F36516000500A1 /* ImageCell.m in Sources */ = {isa = PBXBuildFile; fileRef = 513400C512EF71A4007ED54E /* ImageCell.m */; };
		510C6AE412F36538000500A1 /* EGOCache.h in Sources */ = {isa = PBXBuildFile; fileRef = 5134FEBB12EBBF39007ED54E /* EGOCache.h */; };
		510C6AE512F36538000500A1 /* EGOCache.m in Sources */ = {isa = PBXBuildFile; fileRef = 5134FEBC12EBBF39007ED54E /* EGOCache.m */; };
		510C6AF212F36993000500A1 /* TraktSpec.nu in Resources */ = {isa = PBXBuildFile; fileRef = 510C6AEE12F368A2000500A1 /* TraktSpec.nu */; };
		510C6AFA12F369C2000500A1 /* Trakt.m in Sources */ = {isa = PBXBuildFile; fileRef = 510C6AF912F369C2000500A1 /* Trakt.m */; };
		510C6AFB12F369C2000500A1 /* Trakt.m in Sources */ = {isa = PBXBuildFile; fileRef = 510C6AF912F369C2000500A1 /* Trakt.m */; };
		510C6BA212F5C58F000500A1 /* EpisodeSpec.nu in Resources */ = {isa = PBXBuildFile; fileRef = 510C6BA112F5C555000500A1 /* EpisodeSpec.nu */; };
		510C6BC612F5C875000500A1 /* user-calendar-shows.json in Resources */ = {isa = PBXBuildFile; fileRef = 510C6BC512F5C875000500A1 /* user-calendar-shows.json */; };
		510C6BC712F5C87C000500A1 /* user-calendar-shows.json in Resources */ = {isa = PBXBuildFile; fileRef = 510C6BC512F5C875000500A1 /* user-calendar-shows.json */; };
		510C6C5B12F5DB62000500A1 /* SpecHelper.nu in Resources */ = {isa = PBXBuildFile; fileRef = 510C6C5A12F5DB5C000500A1 /* SpecHelper.nu */; };
		510C6C9B12F5E4C7000500A1 /* CoreGraphics.framework in Frameworks */ = {isa = PBXBuildFile; fileRef = 2892E40F0DC94CBA00A64D0F /* CoreGraphics.framework */; };
		510C6CDB12F5E78A000500A1 /* UIImage+Resize.m in Sources */ = {isa = PBXBuildFile; fileRef = 2441C23112F457CC00329D69 /* UIImage+Resize.m */; };
		510C6CDC12F5E78A000500A1 /* UIImage+Alpha.m in Sources */ = {isa = PBXBuildFile; fileRef = 2441C23212F457CC00329D69 /* UIImage+Alpha.m */; };
		510C6CDD12F5E78A000500A1 /* UIImage+RoundedCorner.m in Sources */ = {isa = PBXBuildFile; fileRef = 2441C23312F457CC00329D69 /* UIImage+RoundedCorner.m */; };
		510C6CDE12F5E78A000500A1 /* UIImage+RoundedCorner.h in Sources */ = {isa = PBXBuildFile; fileRef = 2441C23412F457CC00329D69 /* UIImage+RoundedCorner.h */; };
		510C6CDF12F5E78A000500A1 /* UIImage+Resize.h in Sources */ = {isa = PBXBuildFile; fileRef = 2441C23512F457CC00329D69 /* UIImage+Resize.h */; };
		510C6CE012F5E78A000500A1 /* UIImage+Alpha.h in Sources */ = {isa = PBXBuildFile; fileRef = 2441C23612F457CC00329D69 /* UIImage+Alpha.h */; };
		510C6D0712F5EA8A000500A1 /* poster-thumbnail.jpg in Resources */ = {isa = PBXBuildFile; fileRef = 510C6D0612F5EA8A000500A1 /* poster-thumbnail.jpg */; };
		510C6D0812F5EAAE000500A1 /* poster-thumbnail.jpg in Resources */ = {isa = PBXBuildFile; fileRef = 510C6D0612F5EA8A000500A1 /* poster-thumbnail.jpg */; };
		510C6EC712F8A2EC000500A1 /* LibraryViewController.m in Sources */ = {isa = PBXBuildFile; fileRef = 510C6EC512F8A2EC000500A1 /* LibraryViewController.m */; };
		510C6EC812F8A2EC000500A1 /* LibraryViewController.xib in Resources */ = {isa = PBXBuildFile; fileRef = 510C6EC612F8A2EC000500A1 /* LibraryViewController.xib */; };
		510C6EDF12F8A83D000500A1 /* Show.m in Sources */ = {isa = PBXBuildFile; fileRef = 510C6EDE12F8A83D000500A1 /* Show.m */; };
		510C6EE012F8AB8B000500A1 /* Show.m in Sources */ = {isa = PBXBuildFile; fileRef = 510C6EDE12F8A83D000500A1 /* Show.m */; };
		510C6EE212F8ABA7000500A1 /* ShowSpec.nu in Resources */ = {isa = PBXBuildFile; fileRef = 510C6EE112F8ABA7000500A1 /* ShowSpec.nu */; };
		510C6F3212F8B0E9000500A1 /* ShowTableViewCell.m in Sources */ = {isa = PBXBuildFile; fileRef = 510C6F3112F8B0E9000500A1 /* ShowTableViewCell.m */; };
		510C6FBE12FB5B2C000500A1 /* TrendingViewController.m in Sources */ = {isa = PBXBuildFile; fileRef = 510C6FBC12FB5B2C000500A1 /* TrendingViewController.m */; };
		510C6FBF12FB5B2C000500A1 /* TrendingViewController.xib in Resources */ = {isa = PBXBuildFile; fileRef = 510C6FBD12FB5B2C000500A1 /* TrendingViewController.xib */; };
		510C6FCD12FB5D7D000500A1 /* ShowsViewController.m in Sources */ = {isa = PBXBuildFile; fileRef = 510C6FCC12FB5D7D000500A1 /* ShowsViewController.m */; };
		5134008612EF4D72007ED54E /* EpisodeDetailsViewController.m in Sources */ = {isa = PBXBuildFile; fileRef = 5134008412EF4D72007ED54E /* EpisodeDetailsViewController.m */; };
		5134008712EF4D72007ED54E /* EpisodeDetailsViewController.xib in Resources */ = {isa = PBXBuildFile; fileRef = 5134008512EF4D72007ED54E /* EpisodeDetailsViewController.xib */; };
		513400A712EF5299007ED54E /* episode.jpg in Resources */ = {isa = PBXBuildFile; fileRef = 513400A612EF5299007ED54E /* episode.jpg */; };
		513400C612EF71A4007ED54E /* ImageCell.m in Sources */ = {isa = PBXBuildFile; fileRef = 513400C512EF71A4007ED54E /* ImageCell.m */; };
		5134FEBD12EBBF39007ED54E /* EGOCache.m in Sources */ = {isa = PBXBuildFile; fileRef = 5134FEBC12EBBF39007ED54E /* EGOCache.m */; };
		516CE8D612F42D53003450CF /* SpecHelper.m in Sources */ = {isa = PBXBuildFile; fileRef = 516CE8D512F42D53003450CF /* SpecHelper.m */; };
		516CE94C12F44DE5003450CF /* YAJL.framework in Frameworks */ = {isa = PBXBuildFile; fileRef = 2479A22B12EC83DB00E2AD4E /* YAJL.framework */; };
		516CE9B812F4565A003450CF /* poster.jpg in Resources */ = {isa = PBXBuildFile; fileRef = 516CE9B712F4565A003450CF /* poster.jpg */; };
		516CE9BB12F4574C003450CF /* banner.jpg in Resources */ = {isa = PBXBuildFile; fileRef = 2448DCED12E9EDD600AC422E /* banner.jpg */; };
		51FBCC9712EA375500073C68 /* EpisodeTableViewCell.m in Sources */ = {isa = PBXBuildFile; fileRef = 51FBCC9612EA375500073C68 /* EpisodeTableViewCell.m */; };
		51FBCC9A12EA391B00073C68 /* Episode.m in Sources */ = {isa = PBXBuildFile; fileRef = 51FBCC9912EA391B00073C68 /* Episode.m */; };
/* End PBXBuildFile section */

/* Begin PBXContainerItemProxy section */
		513401B012F36217007ED54E /* PBXContainerItemProxy */ = {
			isa = PBXContainerItemProxy;
			containerPortal = 513401A712F36217007ED54E /* NuBacon-iOSRunner.xcodeproj */;
			proxyType = 2;
			remoteGlobalIDString = 1D6058910D05DD3D006BFB54;
			remoteInfo = "NuBacon-iOSRunner";
		};
		513401B212F36217007ED54E /* PBXContainerItemProxy */ = {
			isa = PBXContainerItemProxy;
			containerPortal = 513401A712F36217007ED54E /* NuBacon-iOSRunner.xcodeproj */;
			proxyType = 2;
			remoteGlobalIDString = 51ED140B12AE416B003E9DC2;
			remoteInfo = NuBaconLib;
		};
		513401BE12F36264007ED54E /* PBXContainerItemProxy */ = {
			isa = PBXContainerItemProxy;
			containerPortal = 513401A712F36217007ED54E /* NuBacon-iOSRunner.xcodeproj */;
			proxyType = 1;
			remoteGlobalIDString = 51ED140A12AE416B003E9DC2;
			remoteInfo = NuBaconLib;
		};
/* End PBXContainerItemProxy section */

/* Begin PBXFileReference section */
		1D30AB110D05D00D00671497 /* Foundation.framework */ = {isa = PBXFileReference; lastKnownFileType = wrapper.framework; name = Foundation.framework; path = System/Library/Frameworks/Foundation.framework; sourceTree = SDKROOT; };
		1D3623240D0F684500981E51 /* iTraktAppDelegate.h */ = {isa = PBXFileReference; fileEncoding = 4; lastKnownFileType = sourcecode.c.h; path = iTraktAppDelegate.h; sourceTree = "<group>"; };
		1D3623250D0F684500981E51 /* iTraktAppDelegate.m */ = {isa = PBXFileReference; fileEncoding = 4; lastKnownFileType = sourcecode.c.objc; path = iTraktAppDelegate.m; sourceTree = "<group>"; };
		1D6058910D05DD3D006BFB54 /* iTrakt.app */ = {isa = PBXFileReference; explicitFileType = wrapper.application; includeInIndex = 0; path = iTrakt.app; sourceTree = BUILT_PRODUCTS_DIR; };
		1DF5F4DF0D08C38300B7A737 /* UIKit.framework */ = {isa = PBXFileReference; lastKnownFileType = wrapper.framework; name = UIKit.framework; path = System/Library/Frameworks/UIKit.framework; sourceTree = SDKROOT; };
		2402540A12F5F05800F651D8 /* thumb.jpg */ = {isa = PBXFileReference; lastKnownFileType = image.jpeg; name = thumb.jpg; path = Spec/fixtures/thumb.jpg; sourceTree = "<group>"; };
		240D0FA512FB5964002349B5 /* ShowDetailsViewController.h */ = {isa = PBXFileReference; fileEncoding = 4; lastKnownFileType = sourcecode.c.h; path = ShowDetailsViewController.h; sourceTree = "<group>"; };
		240D0FA612FB5964002349B5 /* ShowDetailsViewController.m */ = {isa = PBXFileReference; fileEncoding = 4; lastKnownFileType = sourcecode.c.objc; path = ShowDetailsViewController.m; sourceTree = "<group>"; };
		240D101C12FB627E002349B5 /* ShowDetailsViewController.xib */ = {isa = PBXFileReference; lastKnownFileType = file.xib; name = ShowDetailsViewController.xib; path = Views/ShowDetailsViewController.xib; sourceTree = "<group>"; };
		2441C23112F457CC00329D69 /* UIImage+Resize.m */ = {isa = PBXFileReference; fileEncoding = 4; lastKnownFileType = sourcecode.c.objc; name = "UIImage+Resize.m"; path = "vendor/UIImage/UIImage+Resize.m"; sourceTree = "<group>"; };
		2441C23212F457CC00329D69 /* UIImage+Alpha.m */ = {isa = PBXFileReference; fileEncoding = 4; lastKnownFileType = sourcecode.c.objc; name = "UIImage+Alpha.m"; path = "vendor/UIImage/UIImage+Alpha.m"; sourceTree = "<group>"; };
		2441C23312F457CC00329D69 /* UIImage+RoundedCorner.m */ = {isa = PBXFileReference; fileEncoding = 4; lastKnownFileType = sourcecode.c.objc; name = "UIImage+RoundedCorner.m"; path = "vendor/UIImage/UIImage+RoundedCorner.m"; sourceTree = "<group>"; };
		2441C23412F457CC00329D69 /* UIImage+RoundedCorner.h */ = {isa = PBXFileReference; fileEncoding = 4; lastKnownFileType = sourcecode.c.h; name = "UIImage+RoundedCorner.h"; path = "vendor/UIImage/UIImage+RoundedCorner.h"; sourceTree = "<group>"; };
		2441C23512F457CC00329D69 /* UIImage+Resize.h */ = {isa = PBXFileReference; fileEncoding = 4; lastKnownFileType = sourcecode.c.h; name = "UIImage+Resize.h"; path = "vendor/UIImage/UIImage+Resize.h"; sourceTree = "<group>"; };
		2441C23612F457CC00329D69 /* UIImage+Alpha.h */ = {isa = PBXFileReference; fileEncoding = 4; lastKnownFileType = sourcecode.c.h; name = "UIImage+Alpha.h"; path = "vendor/UIImage/UIImage+Alpha.h"; sourceTree = "<group>"; };
		2448DCED12E9EDD600AC422E /* banner.jpg */ = {isa = PBXFileReference; lastKnownFileType = image.jpeg; name = banner.jpg; path = design/banner.jpg; sourceTree = "<group>"; };
		2458FBB312EB6978001B7590 /* iTunesArtwork */ = {isa = PBXFileReference; lastKnownFileType = file; name = iTunesArtwork; path = Images/iTunesArtwork; sourceTree = "<group>"; };
		2458FBB412EB6978001B7590 /* Icon-Small.png */ = {isa = PBXFileReference; lastKnownFileType = image.png; name = "Icon-Small.png"; path = "Images/Icon-Small.png"; sourceTree = "<group>"; };
		2458FBB512EB6978001B7590 /* Icon-Small-50.png */ = {isa = PBXFileReference; lastKnownFileType = image.png; name = "Icon-Small-50.png"; path = "Images/Icon-Small-50.png"; sourceTree = "<group>"; };
		2458FBB612EB6978001B7590 /* Icon.png */ = {isa = PBXFileReference; lastKnownFileType = image.png; name = Icon.png; path = Images/Icon.png; sourceTree = "<group>"; };
		2458FBB712EB6978001B7590 /* Icon-Small@2x.png */ = {isa = PBXFileReference; lastKnownFileType = image.png; name = "Icon-Small@2x.png"; path = "Images/Icon-Small@2x.png"; sourceTree = "<group>"; };
		2458FBB812EB6978001B7590 /* Icon-72.png */ = {isa = PBXFileReference; lastKnownFileType = image.png; name = "Icon-72.png"; path = "Images/Icon-72.png"; sourceTree = "<group>"; };
		2458FBB912EB6978001B7590 /* Icon@2x.png */ = {isa = PBXFileReference; lastKnownFileType = image.png; name = "Icon@2x.png"; path = "Images/Icon@2x.png"; sourceTree = "<group>"; };
		2458FBBA12EB6978001B7590 /* Default@2x.png */ = {isa = PBXFileReference; lastKnownFileType = image.png; name = "Default@2x.png"; path = "Images/Default@2x.png"; sourceTree = "<group>"; };
		2458FBBB12EB6978001B7590 /* Default.png */ = {isa = PBXFileReference; lastKnownFileType = image.png; name = Default.png; path = Images/Default.png; sourceTree = "<group>"; };
		2458FBBC12EB6978001B7590 /* Default-Portrait.png */ = {isa = PBXFileReference; lastKnownFileType = image.png; name = "Default-Portrait.png"; path = "Images/Default-Portrait.png"; sourceTree = "<group>"; };
		2458FBBD12EB6978001B7590 /* Default-Landscape.png */ = {isa = PBXFileReference; lastKnownFileType = image.png; name = "Default-Landscape.png"; path = "Images/Default-Landscape.png"; sourceTree = "<group>"; };
		2479A22B12EC83DB00E2AD4E /* YAJL.framework */ = {isa = PBXFileReference; lastKnownFileType = wrapper.framework; name = YAJL.framework; path = vendor/YAJL.framework; sourceTree = "<group>"; };
		2484C6AC12E9F568000D3871 /* BroadcastDate.h */ = {isa = PBXFileReference; fileEncoding = 4; lastKnownFileType = sourcecode.c.h; path = BroadcastDate.h; sourceTree = "<group>"; };
		2484C6AD12E9F568000D3871 /* BroadcastDate.m */ = {isa = PBXFileReference; fileEncoding = 4; lastKnownFileType = sourcecode.c.objc; path = BroadcastDate.m; sourceTree = "<group>"; };
		2892E40F0DC94CBA00A64D0F /* CoreGraphics.framework */ = {isa = PBXFileReference; lastKnownFileType = wrapper.framework; name = CoreGraphics.framework; path = System/Library/Frameworks/CoreGraphics.framework; sourceTree = SDKROOT; };
		28A0AAE50D9B0CCF005BE974 /* iTrakt_Prefix.pch */ = {isa = PBXFileReference; fileEncoding = 4; lastKnownFileType = sourcecode.c.h; path = iTrakt_Prefix.pch; sourceTree = "<group>"; };
		28AD735F0D9D9599002E5188 /* MainWindow.xib */ = {isa = PBXFileReference; lastKnownFileType = file.xib; name = MainWindow.xib; path = Views/MainWindow.xib; sourceTree = "<group>"; };
		28C286DF0D94DF7D0034E888 /* CalendarViewController.h */ = {isa = PBXFileReference; fileEncoding = 4; lastKnownFileType = sourcecode.c.h; path = CalendarViewController.h; sourceTree = "<group>"; };
		28C286E00D94DF7D0034E888 /* CalendarViewController.m */ = {isa = PBXFileReference; fileEncoding = 4; lastKnownFileType = sourcecode.c.objc; path = CalendarViewController.m; sourceTree = "<group>"; };
		28F335F01007B36200424DE2 /* CalendarViewController.xib */ = {isa = PBXFileReference; lastKnownFileType = file.xib; name = CalendarViewController.xib; path = Views/CalendarViewController.xib; sourceTree = "<group>"; };
		29B97316FDCFA39411CA2CEA /* main.m */ = {isa = PBXFileReference; fileEncoding = 4; lastKnownFileType = sourcecode.c.objc; path = main.m; sourceTree = "<group>"; };
		510C6AB112F363EB000500A1 /* libNuBaconLib.a */ = {isa = PBXFileReference; lastKnownFileType = archive.ar; name = libNuBaconLib.a; path = "vendor/NuBacon/iOSRunner/build/Debug-iphonesimulator/libNuBaconLib.a"; sourceTree = "<group>"; };
		510C6AB712F3644B000500A1 /* bacon_context.nu */ = {isa = PBXFileReference; fileEncoding = 4; lastKnownFileType = text; name = bacon_context.nu; path = vendor/NuBacon/bacon_context.nu; sourceTree = "<group>"; };
		510C6AB812F3644B000500A1 /* bacon_macros.nu */ = {isa = PBXFileReference; fileEncoding = 4; lastKnownFileType = text; name = bacon_macros.nu; path = vendor/NuBacon/bacon_macros.nu; sourceTree = "<group>"; };
		510C6AB912F3644B000500A1 /* bacon_should.nu */ = {isa = PBXFileReference; fileEncoding = 4; lastKnownFileType = text; name = bacon_should.nu; path = vendor/NuBacon/bacon_should.nu; sourceTree = "<group>"; };
		510C6ABA12F3644B000500A1 /* bacon_specification.nu */ = {isa = PBXFileReference; fileEncoding = 4; lastKnownFileType = text; name = bacon_specification.nu; path = vendor/NuBacon/bacon_specification.nu; sourceTree = "<group>"; };
		510C6ABB12F3644B000500A1 /* bacon_summary.nu */ = {isa = PBXFileReference; fileEncoding = 4; lastKnownFileType = text; name = bacon_summary.nu; path = vendor/NuBacon/bacon_summary.nu; sourceTree = "<group>"; };
		510C6ABC12F3644B000500A1 /* bacon.nu */ = {isa = PBXFileReference; fileEncoding = 4; lastKnownFileType = text; name = bacon.nu; path = vendor/NuBacon/bacon.nu; sourceTree = "<group>"; };
		510C6AEE12F368A2000500A1 /* TraktSpec.nu */ = {isa = PBXFileReference; fileEncoding = 4; lastKnownFileType = text; name = TraktSpec.nu; path = Spec/TraktSpec.nu; sourceTree = "<group>"; };
		510C6AF812F369C2000500A1 /* Trakt.h */ = {isa = PBXFileReference; fileEncoding = 4; lastKnownFileType = sourcecode.c.h; path = Trakt.h; sourceTree = "<group>"; };
		510C6AF912F369C2000500A1 /* Trakt.m */ = {isa = PBXFileReference; fileEncoding = 4; lastKnownFileType = sourcecode.c.objc; path = Trakt.m; sourceTree = "<group>"; };
		510C6BA112F5C555000500A1 /* EpisodeSpec.nu */ = {isa = PBXFileReference; fileEncoding = 4; lastKnownFileType = text; name = EpisodeSpec.nu; path = Spec/EpisodeSpec.nu; sourceTree = "<group>"; };
		510C6BC512F5C875000500A1 /* user-calendar-shows.json */ = {isa = PBXFileReference; fileEncoding = 4; lastKnownFileType = text; name = "user-calendar-shows.json"; path = "Spec/fixtures/user-calendar-shows.json"; sourceTree = "<group>"; };
		510C6C5A12F5DB5C000500A1 /* SpecHelper.nu */ = {isa = PBXFileReference; fileEncoding = 4; lastKnownFileType = text; name = SpecHelper.nu; path = Spec/SpecHelper.nu; sourceTree = "<group>"; };
		510C6D0612F5EA8A000500A1 /* poster-thumbnail.jpg */ = {isa = PBXFileReference; lastKnownFileType = image.jpeg; name = "poster-thumbnail.jpg"; path = "Spec/fixtures/poster-thumbnail.jpg"; sourceTree = "<group>"; };
		510C6EC412F8A2EC000500A1 /* LibraryViewController.h */ = {isa = PBXFileReference; fileEncoding = 4; lastKnownFileType = sourcecode.c.h; path = LibraryViewController.h; sourceTree = "<group>"; };
		510C6EC512F8A2EC000500A1 /* LibraryViewController.m */ = {isa = PBXFileReference; fileEncoding = 4; lastKnownFileType = sourcecode.c.objc; path = LibraryViewController.m; sourceTree = "<group>"; };
		510C6EC612F8A2EC000500A1 /* LibraryViewController.xib */ = {isa = PBXFileReference; lastKnownFileType = file.xib; name = LibraryViewController.xib; path = Views/LibraryViewController.xib; sourceTree = "<group>"; };
		510C6EDD12F8A83D000500A1 /* Show.h */ = {isa = PBXFileReference; fileEncoding = 4; lastKnownFileType = sourcecode.c.h; path = Show.h; sourceTree = "<group>"; };
		510C6EDE12F8A83D000500A1 /* Show.m */ = {isa = PBXFileReference; fileEncoding = 4; lastKnownFileType = sourcecode.c.objc; path = Show.m; sourceTree = "<group>"; };
		510C6EE112F8ABA7000500A1 /* ShowSpec.nu */ = {isa = PBXFileReference; fileEncoding = 4; lastKnownFileType = text; name = ShowSpec.nu; path = Spec/ShowSpec.nu; sourceTree = "<group>"; };
		510C6F3012F8B0E9000500A1 /* ShowTableViewCell.h */ = {isa = PBXFileReference; fileEncoding = 4; lastKnownFileType = sourcecode.c.h; path = ShowTableViewCell.h; sourceTree = "<group>"; };
		510C6F3112F8B0E9000500A1 /* ShowTableViewCell.m */ = {isa = PBXFileReference; fileEncoding = 4; lastKnownFileType = sourcecode.c.objc; path = ShowTableViewCell.m; sourceTree = "<group>"; };
		510C6FBB12FB5B2C000500A1 /* TrendingViewController.h */ = {isa = PBXFileReference; fileEncoding = 4; lastKnownFileType = sourcecode.c.h; path = TrendingViewController.h; sourceTree = "<group>"; };
		510C6FBC12FB5B2C000500A1 /* TrendingViewController.m */ = {isa = PBXFileReference; fileEncoding = 4; lastKnownFileType = sourcecode.c.objc; path = TrendingViewController.m; sourceTree = "<group>"; };
		510C6FBD12FB5B2C000500A1 /* TrendingViewController.xib */ = {isa = PBXFileReference; lastKnownFileType = file.xib; name = TrendingViewController.xib; path = Views/TrendingViewController.xib; sourceTree = "<group>"; };
		510C6FCB12FB5D7D000500A1 /* ShowsViewController.h */ = {isa = PBXFileReference; fileEncoding = 4; lastKnownFileType = sourcecode.c.h; path = ShowsViewController.h; sourceTree = "<group>"; };
		510C6FCC12FB5D7D000500A1 /* ShowsViewController.m */ = {isa = PBXFileReference; fileEncoding = 4; lastKnownFileType = sourcecode.c.objc; path = ShowsViewController.m; sourceTree = "<group>"; };
		5134008312EF4D72007ED54E /* EpisodeDetailsViewController.h */ = {isa = PBXFileReference; fileEncoding = 4; lastKnownFileType = sourcecode.c.h; path = EpisodeDetailsViewController.h; sourceTree = "<group>"; };
		5134008412EF4D72007ED54E /* EpisodeDetailsViewController.m */ = {isa = PBXFileReference; fileEncoding = 4; lastKnownFileType = sourcecode.c.objc; path = EpisodeDetailsViewController.m; sourceTree = "<group>"; };
		5134008512EF4D72007ED54E /* EpisodeDetailsViewController.xib */ = {isa = PBXFileReference; lastKnownFileType = file.xib; name = EpisodeDetailsViewController.xib; path = Views/EpisodeDetailsViewController.xib; sourceTree = "<group>"; };
		513400A612EF5299007ED54E /* episode.jpg */ = {isa = PBXFileReference; lastKnownFileType = image.jpeg; name = episode.jpg; path = design/episode.jpg; sourceTree = "<group>"; };
		513400C412EF71A4007ED54E /* ImageCell.h */ = {isa = PBXFileReference; fileEncoding = 4; lastKnownFileType = sourcecode.c.h; path = ImageCell.h; sourceTree = "<group>"; };
		513400C512EF71A4007ED54E /* ImageCell.m */ = {isa = PBXFileReference; fileEncoding = 4; lastKnownFileType = sourcecode.c.objc; path = ImageCell.m; sourceTree = "<group>"; };
		513401A712F36217007ED54E /* NuBacon-iOSRunner.xcodeproj */ = {isa = PBXFileReference; lastKnownFileType = "wrapper.pb-project"; name = "NuBacon-iOSRunner.xcodeproj"; path = "vendor/NuBacon/iOSRunner/NuBacon-iOSRunner.xcodeproj"; sourceTree = "<group>"; };
		513401B812F36248007ED54E /* Specs.app */ = {isa = PBXFileReference; explicitFileType = wrapper.application; includeInIndex = 0; path = Specs.app; sourceTree = BUILT_PRODUCTS_DIR; };
		513401BA12F36248007ED54E /* Specs-Info.plist */ = {isa = PBXFileReference; lastKnownFileType = text.plist.xml; path = "Specs-Info.plist"; sourceTree = "<group>"; };
		5134FEBB12EBBF39007ED54E /* EGOCache.h */ = {isa = PBXFileReference; fileEncoding = 4; lastKnownFileType = sourcecode.c.h; name = EGOCache.h; path = vendor/EGOCache/EGOCache.h; sourceTree = "<group>"; };
		5134FEBC12EBBF39007ED54E /* EGOCache.m */ = {isa = PBXFileReference; fileEncoding = 4; lastKnownFileType = sourcecode.c.objc; name = EGOCache.m; path = vendor/EGOCache/EGOCache.m; sourceTree = "<group>"; };
		516CE8D512F42D53003450CF /* SpecHelper.m */ = {isa = PBXFileReference; fileEncoding = 4; lastKnownFileType = sourcecode.c.objc; name = SpecHelper.m; path = Spec/SpecHelper.m; sourceTree = "<group>"; };
		516CE9B712F4565A003450CF /* poster.jpg */ = {isa = PBXFileReference; lastKnownFileType = image.jpeg; name = poster.jpg; path = Spec/fixtures/poster.jpg; sourceTree = "<group>"; };
		51FBCC9512EA375500073C68 /* EpisodeTableViewCell.h */ = {isa = PBXFileReference; fileEncoding = 4; lastKnownFileType = sourcecode.c.h; path = EpisodeTableViewCell.h; sourceTree = "<group>"; };
		51FBCC9612EA375500073C68 /* EpisodeTableViewCell.m */ = {isa = PBXFileReference; fileEncoding = 4; lastKnownFileType = sourcecode.c.objc; path = EpisodeTableViewCell.m; sourceTree = "<group>"; };
		51FBCC9812EA391B00073C68 /* Episode.h */ = {isa = PBXFileReference; fileEncoding = 4; lastKnownFileType = sourcecode.c.h; path = Episode.h; sourceTree = "<group>"; };
		51FBCC9912EA391B00073C68 /* Episode.m */ = {isa = PBXFileReference; fileEncoding = 4; lastKnownFileType = sourcecode.c.objc; path = Episode.m; sourceTree = "<group>"; };
		8D1107310486CEB800E47090 /* iTrakt-Info.plist */ = {isa = PBXFileReference; fileEncoding = 4; lastKnownFileType = text.plist.xml; path = "iTrakt-Info.plist"; plistStructureDefinitionIdentifier = "com.apple.xcode.plist.structure-definition.iphone.info-plist"; sourceTree = "<group>"; };
/* End PBXFileReference section */

/* Begin PBXFrameworksBuildPhase section */
		1D60588F0D05DD3D006BFB54 /* Frameworks */ = {
			isa = PBXFrameworksBuildPhase;
			buildActionMask = 2147483647;
			files = (
				1D60589F0D05DD5A006BFB54 /* Foundation.framework in Frameworks */,
				1DF5F4E00D08C38300B7A737 /* UIKit.framework in Frameworks */,
				2892E4100DC94CBA00A64D0F /* CoreGraphics.framework in Frameworks */,
				2479A22C12EC83DB00E2AD4E /* YAJL.framework in Frameworks */,
			);
			runOnlyForDeploymentPostprocessing = 0;
		};
		513401B612F36248007ED54E /* Frameworks */ = {
			isa = PBXFrameworksBuildPhase;
			buildActionMask = 2147483647;
			files = (
				510C6C9B12F5E4C7000500A1 /* CoreGraphics.framework in Frameworks */,
				516CE94C12F44DE5003450CF /* YAJL.framework in Frameworks */,
				510C6AB212F363EB000500A1 /* libNuBaconLib.a in Frameworks */,
			);
			runOnlyForDeploymentPostprocessing = 0;
		};
/* End PBXFrameworksBuildPhase section */

/* Begin PBXGroup section */
		080E96DDFE201D6D7F000001 /* Classes */ = {
			isa = PBXGroup;
			children = (
				28C286DF0D94DF7D0034E888 /* CalendarViewController.h */,
				28C286E00D94DF7D0034E888 /* CalendarViewController.m */,
				1D3623240D0F684500981E51 /* iTraktAppDelegate.h */,
				1D3623250D0F684500981E51 /* iTraktAppDelegate.m */,
				2484C6AC12E9F568000D3871 /* BroadcastDate.h */,
				2484C6AD12E9F568000D3871 /* BroadcastDate.m */,
				51FBCC9512EA375500073C68 /* EpisodeTableViewCell.h */,
				51FBCC9612EA375500073C68 /* EpisodeTableViewCell.m */,
				51FBCC9812EA391B00073C68 /* Episode.h */,
				51FBCC9912EA391B00073C68 /* Episode.m */,
				5134008312EF4D72007ED54E /* EpisodeDetailsViewController.h */,
				5134008412EF4D72007ED54E /* EpisodeDetailsViewController.m */,
				513400C412EF71A4007ED54E /* ImageCell.h */,
				513400C512EF71A4007ED54E /* ImageCell.m */,
				510C6AF812F369C2000500A1 /* Trakt.h */,
				510C6AF912F369C2000500A1 /* Trakt.m */,
				510C6EC412F8A2EC000500A1 /* LibraryViewController.h */,
				510C6EC512F8A2EC000500A1 /* LibraryViewController.m */,
				510C6EDD12F8A83D000500A1 /* Show.h */,
				510C6EDE12F8A83D000500A1 /* Show.m */,
				510C6F3012F8B0E9000500A1 /* ShowTableViewCell.h */,
				510C6F3112F8B0E9000500A1 /* ShowTableViewCell.m */,
				240D0FA512FB5964002349B5 /* ShowDetailsViewController.h */,
				240D0FA612FB5964002349B5 /* ShowDetailsViewController.m */,
				510C6FBB12FB5B2C000500A1 /* TrendingViewController.h */,
				510C6FBC12FB5B2C000500A1 /* TrendingViewController.m */,
				510C6FCB12FB5D7D000500A1 /* ShowsViewController.h */,
				510C6FCC12FB5D7D000500A1 /* ShowsViewController.m */,
			);
			path = Classes;
			sourceTree = "<group>";
		};
		19C28FACFE9D520D11CA2CBB /* Products */ = {
			isa = PBXGroup;
			children = (
				1D6058910D05DD3D006BFB54 /* iTrakt.app */,
				513401B812F36248007ED54E /* Specs.app */,
			);
			name = Products;
			sourceTree = "<group>";
		};
		2458FBDB12EB69D9001B7590 /* Images */ = {
			isa = PBXGroup;
			children = (
				2458FBB312EB6978001B7590 /* iTunesArtwork */,
				2458FBB412EB6978001B7590 /* Icon-Small.png */,
				2458FBB512EB6978001B7590 /* Icon-Small-50.png */,
				2458FBB612EB6978001B7590 /* Icon.png */,
				2458FBB712EB6978001B7590 /* Icon-Small@2x.png */,
				2458FBB812EB6978001B7590 /* Icon-72.png */,
				2458FBB912EB6978001B7590 /* Icon@2x.png */,
				2458FBBA12EB6978001B7590 /* Default@2x.png */,
				2458FBBB12EB6978001B7590 /* Default.png */,
				2458FBBC12EB6978001B7590 /* Default-Portrait.png */,
				2458FBBD12EB6978001B7590 /* Default-Landscape.png */,
			);
			name = Images;
			sourceTree = "<group>";
		};
		29B97314FDCFA39411CA2CEA /* CustomTemplate */ = {
			isa = PBXGroup;
			children = (
				510C6EB412F8A1EE000500A1 /* Views */,
				510C6AED12F3682C000500A1 /* Spec */,
				510C6AAF12F363D9000500A1 /* SpecRunner */,
				513401A712F36217007ED54E /* NuBacon-iOSRunner.xcodeproj */,
				080E96DDFE201D6D7F000001 /* Classes */,
				29B97315FDCFA39411CA2CEA /* Other Sources */,
				29B97317FDCFA39411CA2CEA /* Resources */,
				29B97323FDCFA39411CA2CEA /* Frameworks */,
				19C28FACFE9D520D11CA2CBB /* Products */,
				2479A22B12EC83DB00E2AD4E /* YAJL.framework */,
			);
			name = CustomTemplate;
			sourceTree = "<group>";
		};
		29B97315FDCFA39411CA2CEA /* Other Sources */ = {
			isa = PBXGroup;
			children = (
				2441C23112F457CC00329D69 /* UIImage+Resize.m */,
				2441C23212F457CC00329D69 /* UIImage+Alpha.m */,
				2441C23312F457CC00329D69 /* UIImage+RoundedCorner.m */,
				2441C23412F457CC00329D69 /* UIImage+RoundedCorner.h */,
				2441C23512F457CC00329D69 /* UIImage+Resize.h */,
				2441C23612F457CC00329D69 /* UIImage+Alpha.h */,
				5134FEBB12EBBF39007ED54E /* EGOCache.h */,
				5134FEBC12EBBF39007ED54E /* EGOCache.m */,
				28A0AAE50D9B0CCF005BE974 /* iTrakt_Prefix.pch */,
				29B97316FDCFA39411CA2CEA /* main.m */,
			);
			name = "Other Sources";
			sourceTree = "<group>";
		};
		29B97317FDCFA39411CA2CEA /* Resources */ = {
			isa = PBXGroup;
			children = (
				513400A612EF5299007ED54E /* episode.jpg */,
				2458FBDB12EB69D9001B7590 /* Images */,
				2448DCED12E9EDD600AC422E /* banner.jpg */,
				8D1107310486CEB800E47090 /* iTrakt-Info.plist */,
			);
			name = Resources;
			sourceTree = "<group>";
		};
		29B97323FDCFA39411CA2CEA /* Frameworks */ = {
			isa = PBXGroup;
			children = (
				1DF5F4DF0D08C38300B7A737 /* UIKit.framework */,
				1D30AB110D05D00D00671497 /* Foundation.framework */,
				2892E40F0DC94CBA00A64D0F /* CoreGraphics.framework */,
			);
			name = Frameworks;
			sourceTree = "<group>";
		};
		510C6AAF12F363D9000500A1 /* SpecRunner */ = {
			isa = PBXGroup;
			children = (
				510C6AB712F3644B000500A1 /* bacon_context.nu */,
				510C6AB812F3644B000500A1 /* bacon_macros.nu */,
				510C6AB912F3644B000500A1 /* bacon_should.nu */,
				510C6ABA12F3644B000500A1 /* bacon_specification.nu */,
				510C6ABB12F3644B000500A1 /* bacon_summary.nu */,
				510C6ABC12F3644B000500A1 /* bacon.nu */,
				510C6AB112F363EB000500A1 /* libNuBaconLib.a */,
				513401BA12F36248007ED54E /* Specs-Info.plist */,
			);
			name = SpecRunner;
			sourceTree = "<group>";
		};
		510C6AED12F3682C000500A1 /* Spec */ = {
			isa = PBXGroup;
			children = (
				510C6EE112F8ABA7000500A1 /* ShowSpec.nu */,
				510C6BC412F5C867000500A1 /* Fixtures */,
				510C6AEE12F368A2000500A1 /* TraktSpec.nu */,
				516CE8D512F42D53003450CF /* SpecHelper.m */,
				510C6BA112F5C555000500A1 /* EpisodeSpec.nu */,
				510C6C5A12F5DB5C000500A1 /* SpecHelper.nu */,
			);
			name = Spec;
			sourceTree = "<group>";
		};
		510C6BC412F5C867000500A1 /* Fixtures */ = {
			isa = PBXGroup;
			children = (
				2402540A12F5F05800F651D8 /* thumb.jpg */,
				516CE9B712F4565A003450CF /* poster.jpg */,
				510C6D0612F5EA8A000500A1 /* poster-thumbnail.jpg */,
				510C6BC512F5C875000500A1 /* user-calendar-shows.json */,
			);
			name = Fixtures;
			sourceTree = "<group>";
		};
		510C6EB412F8A1EE000500A1 /* Views */ = {
			isa = PBXGroup;
			children = (
				510C6FBD12FB5B2C000500A1 /* TrendingViewController.xib */,
				5134008512EF4D72007ED54E /* EpisodeDetailsViewController.xib */,
				28F335F01007B36200424DE2 /* CalendarViewController.xib */,
				28AD735F0D9D9599002E5188 /* MainWindow.xib */,
				510C6EC612F8A2EC000500A1 /* LibraryViewController.xib */,
				240D101C12FB627E002349B5 /* ShowDetailsViewController.xib */,
			);
			name = Views;
			sourceTree = "<group>";
		};
		513401A812F36217007ED54E /* Products */ = {
			isa = PBXGroup;
			children = (
				513401B112F36217007ED54E /* NuBacon-iOSRunner.app */,
				513401B312F36217007ED54E /* libNuBaconLib.a */,
			);
			name = Products;
			sourceTree = "<group>";
		};
/* End PBXGroup section */

/* Begin PBXNativeTarget section */
		1D6058900D05DD3D006BFB54 /* NuBacon-iOSRunner */ = {
			isa = PBXNativeTarget;
			buildConfigurationList = 1D6058960D05DD3E006BFB54 /* Build configuration list for PBXNativeTarget "iTrakt" */;
			buildPhases = (
				1D60588D0D05DD3D006BFB54 /* Resources */,
				1D60588E0D05DD3D006BFB54 /* Sources */,
				1D60588F0D05DD3D006BFB54 /* Frameworks */,
			);
			buildRules = (
			);
			dependencies = (
			);
			name = iTrakt;
			productName = iTrakt;
			productReference = 1D6058910D05DD3D006BFB54 /* iTrakt.app */;
			productType = "com.apple.product-type.application";
		};
		513401B712F36248007ED54E /* Specs */ = {
			isa = PBXNativeTarget;
			buildConfigurationList = 513401BD12F36249007ED54E /* Build configuration list for PBXNativeTarget "Specs" */;
			buildPhases = (
				513401B412F36248007ED54E /* Resources */,
				513401B512F36248007ED54E /* Sources */,
				513401B612F36248007ED54E /* Frameworks */,
			);
			buildRules = (
			);
			dependencies = (
				513401BF12F36264007ED54E /* PBXTargetDependency */,
			);
			name = Specs;
			productName = Specs;
			productReference = 513401B812F36248007ED54E /* Specs.app */;
			productType = "com.apple.product-type.application";
		};
/* End PBXNativeTarget section */

/* Begin PBXProject section */
		29B97313FDCFA39411CA2CEA /* Project object */ = {
			isa = PBXProject;
			buildConfigurationList = C01FCF4E08A954540054247B /* Build configuration list for PBXProject "iTrakt" */;
			compatibilityVersion = "Xcode 3.1";
			developmentRegion = English;
			hasScannedForEncodings = 1;
			knownRegions = (
				English,
				Japanese,
				French,
				German,
				en,
			);
			mainGroup = 29B97314FDCFA39411CA2CEA /* CustomTemplate */;
			projectDirPath = "";
			projectReferences = (
				{
					ProductGroup = 513401A812F36217007ED54E /* Products */;
					ProjectRef = 513401A712F36217007ED54E /* NuBacon-iOSRunner.xcodeproj */;
				},
			);
			projectRoot = "";
			targets = (
				1D6058900D05DD3D006BFB54 /* NuBacon-iOSRunner */,
				513401B712F36248007ED54E /* Specs */,
			);
		};
/* End PBXProject section */

/* Begin PBXReferenceProxy section */
		513401B112F36217007ED54E /* NuBacon-iOSRunner.app */ = {
			isa = PBXReferenceProxy;
			fileType = wrapper.application;
			path = "NuBacon-iOSRunner.app";
			remoteRef = 513401B012F36217007ED54E /* PBXContainerItemProxy */;
			sourceTree = BUILT_PRODUCTS_DIR;
		};
		513401B312F36217007ED54E /* libNuBaconLib.a */ = {
			isa = PBXReferenceProxy;
			fileType = archive.ar;
			path = libNuBaconLib.a;
			remoteRef = 513401B212F36217007ED54E /* PBXContainerItemProxy */;
			sourceTree = BUILT_PRODUCTS_DIR;
		};
/* End PBXReferenceProxy section */

/* Begin PBXResourcesBuildPhase section */
		1D60588D0D05DD3D006BFB54 /* Resources */ = {
			isa = PBXResourcesBuildPhase;
			buildActionMask = 2147483647;
			files = (
				28AD73600D9D9599002E5188 /* MainWindow.xib in Resources */,
				28F335F11007B36200424DE2 /* CalendarViewController.xib in Resources */,
				2448DCEE12E9EDD600AC422E /* banner.jpg in Resources */,
				2458FBBE12EB6978001B7590 /* iTunesArtwork in Resources */,
				2458FBBF12EB6978001B7590 /* Icon-Small.png in Resources */,
				2458FBC012EB6978001B7590 /* Icon-Small-50.png in Resources */,
				2458FBC112EB6978001B7590 /* Icon.png in Resources */,
				2458FBC212EB6978001B7590 /* Icon-Small@2x.png in Resources */,
				2458FBC312EB6978001B7590 /* Icon-72.png in Resources */,
				2458FBC412EB6978001B7590 /* Icon@2x.png in Resources */,
				2458FBC512EB6978001B7590 /* Default@2x.png in Resources */,
				2458FBC612EB6978001B7590 /* Default.png in Resources */,
				2458FBC712EB6978001B7590 /* Default-Portrait.png in Resources */,
				2458FBC812EB6978001B7590 /* Default-Landscape.png in Resources */,
				5134008712EF4D72007ED54E /* EpisodeDetailsViewController.xib in Resources */,
				513400A712EF5299007ED54E /* episode.jpg in Resources */,
				510C6BC612F5C875000500A1 /* user-calendar-shows.json in Resources */,
				510C6D0712F5EA8A000500A1 /* poster-thumbnail.jpg in Resources */,
				510C6EC812F8A2EC000500A1 /* LibraryViewController.xib in Resources */,
				510C6FBF12FB5B2C000500A1 /* TrendingViewController.xib in Resources */,
				240D101D12FB627E002349B5 /* ShowDetailsViewController.xib in Resources */,
			);
			runOnlyForDeploymentPostprocessing = 0;
		};
		513401B412F36248007ED54E /* Resources */ = {
			isa = PBXResourcesBuildPhase;
			buildActionMask = 2147483647;
			files = (
				510C6EE212F8ABA7000500A1 /* ShowSpec.nu in Resources */,
				510C6D0812F5EAAE000500A1 /* poster-thumbnail.jpg in Resources */,
				510C6C5B12F5DB62000500A1 /* SpecHelper.nu in Resources */,
				510C6BC712F5C87C000500A1 /* user-calendar-shows.json in Resources */,
				510C6BA212F5C58F000500A1 /* EpisodeSpec.nu in Resources */,
				516CE9BB12F4574C003450CF /* banner.jpg in Resources */,
				510C6AF212F36993000500A1 /* TraktSpec.nu in Resources */,
				510C6ABD12F3644B000500A1 /* bacon_context.nu in Resources */,
				510C6ABE12F3644B000500A1 /* bacon_macros.nu in Resources */,
				510C6ABF12F3644B000500A1 /* bacon_should.nu in Resources */,
				510C6AC012F3644B000500A1 /* bacon_specification.nu in Resources */,
				510C6AC112F3644B000500A1 /* bacon_summary.nu in Resources */,
				510C6AC212F3644B000500A1 /* bacon.nu in Resources */,
				516CE9B812F4565A003450CF /* poster.jpg in Resources */,
				2402540C12F5F07B00F651D8 /* thumb.jpg in Resources */,
			);
			runOnlyForDeploymentPostprocessing = 0;
		};
/* End PBXResourcesBuildPhase section */

/* Begin PBXSourcesBuildPhase section */
		1D60588E0D05DD3D006BFB54 /* Sources */ = {
			isa = PBXSourcesBuildPhase;
			buildActionMask = 2147483647;
			files = (
				1D3623260D0F684500981E51 /* iTraktAppDelegate.m in Sources */,
				28C286E10D94DF7D0034E888 /* CalendarViewController.m in Sources */,
				2484C6AE12E9F568000D3871 /* BroadcastDate.m in Sources */,
				51FBCC9712EA375500073C68 /* EpisodeTableViewCell.m in Sources */,
				51FBCC9A12EA391B00073C68 /* Episode.m in Sources */,
				24EF210712EA3A2A00B54F6F /* main.m in Sources */,
				5134FEBD12EBBF39007ED54E /* EGOCache.m in Sources */,
				5134008612EF4D72007ED54E /* EpisodeDetailsViewController.m in Sources */,
				513400C612EF71A4007ED54E /* ImageCell.m in Sources */,
				510C6AFB12F369C2000500A1 /* Trakt.m in Sources */,
				2441C23712F457CC00329D69 /* UIImage+Resize.m in Sources */,
				2441C23812F457CC00329D69 /* UIImage+Alpha.m in Sources */,
				2441C23912F457CC00329D69 /* UIImage+RoundedCorner.m in Sources */,
				510C6EC712F8A2EC000500A1 /* LibraryViewController.m in Sources */,
				510C6EDF12F8A83D000500A1 /* Show.m in Sources */,
				510C6F3212F8B0E9000500A1 /* ShowTableViewCell.m in Sources */,
				240D0FA812FB5964002349B5 /* ShowDetailsViewController.m in Sources */,
				510C6FBE12FB5B2C000500A1 /* TrendingViewController.m in Sources */,
				510C6FCD12FB5D7D000500A1 /* ShowsViewController.m in Sources */,
			);
			runOnlyForDeploymentPostprocessing = 0;
		};
		513401B512F36248007ED54E /* Sources */ = {
			isa = PBXSourcesBuildPhase;
			buildActionMask = 2147483647;
			files = (
				510C6EE012F8AB8B000500A1 /* Show.m in Sources */,
				510C6CDB12F5E78A000500A1 /* UIImage+Resize.m in Sources */,
				510C6CDC12F5E78A000500A1 /* UIImage+Alpha.m in Sources */,
				510C6CDD12F5E78A000500A1 /* UIImage+RoundedCorner.m in Sources */,
				510C6CDE12F5E78A000500A1 /* UIImage+RoundedCorner.h in Sources */,
				510C6CDF12F5E78A000500A1 /* UIImage+Resize.h in Sources */,
				510C6CE012F5E78A000500A1 /* UIImage+Alpha.h in Sources */,
				510C6AE412F36538000500A1 /* EGOCache.h in Sources */,
				510C6AE512F36538000500A1 /* EGOCache.m in Sources */,
				510C6AD312F36516000500A1 /* CalendarViewController.h in Sources */,
				510C6AD412F36516000500A1 /* CalendarViewController.m in Sources */,
				510C6AD512F36516000500A1 /* iTraktAppDelegate.h in Sources */,
				510C6AD612F36516000500A1 /* iTraktAppDelegate.m in Sources */,
				510C6AD712F36516000500A1 /* BroadcastDate.h in Sources */,
				510C6AD812F36516000500A1 /* BroadcastDate.m in Sources */,
				510C6AD912F36516000500A1 /* EpisodeTableViewCell.h in Sources */,
				510C6ADA12F36516000500A1 /* EpisodeTableViewCell.m in Sources */,
				510C6ADB12F36516000500A1 /* Episode.h in Sources */,
				510C6ADC12F36516000500A1 /* Episode.m in Sources */,
				510C6ADD12F36516000500A1 /* EpisodeDetailsViewController.h in Sources */,
				510C6ADE12F36516000500A1 /* EpisodeDetailsViewController.m in Sources */,
				510C6ADF12F36516000500A1 /* ImageCell.h in Sources */,
				510C6AE012F36516000500A1 /* ImageCell.m in Sources */,
				510C6AFA12F369C2000500A1 /* Trakt.m in Sources */,
				516CE8D612F42D53003450CF /* SpecHelper.m in Sources */,
			);
			runOnlyForDeploymentPostprocessing = 0;
		};
/* End PBXSourcesBuildPhase section */

/* Begin PBXTargetDependency section */
		513401BF12F36264007ED54E /* PBXTargetDependency */ = {
			isa = PBXTargetDependency;
			name = NuBaconLib;
			targetProxy = 513401BE12F36264007ED54E /* PBXContainerItemProxy */;
		};
/* End PBXTargetDependency section */

/* Begin XCBuildConfiguration section */
		1D6058940D05DD3E006BFB54 /* Debug */ = {
			isa = XCBuildConfiguration;
			buildSettings = {
				ALWAYS_SEARCH_USER_PATHS = NO;
				COPY_PHASE_STRIP = NO;
				FRAMEWORK_SEARCH_PATHS = (
					"$(inherited)",
					"\"$(SRCROOT)/vendor\"",
				);
				GCC_DYNAMIC_NO_PIC = NO;
				GCC_OPTIMIZATION_LEVEL = 0;
				GCC_PRECOMPILE_PREFIX_HEADER = YES;
				GCC_PREFIX_HEADER = iTrakt_Prefix.pch;
				INFOPLIST_FILE = "iTrakt-Info.plist";
				PRODUCT_NAME = iTrakt;
			};
			name = Debug;
		};
		1D6058950D05DD3E006BFB54 /* Release */ = {
			isa = XCBuildConfiguration;
			buildSettings = {
				ALWAYS_SEARCH_USER_PATHS = NO;
				COPY_PHASE_STRIP = YES;
				FRAMEWORK_SEARCH_PATHS = (
					"$(inherited)",
					"\"$(SRCROOT)/vendor\"",
				);
				GCC_PRECOMPILE_PREFIX_HEADER = YES;
				GCC_PREFIX_HEADER = iTrakt_Prefix.pch;
				INFOPLIST_FILE = "iTrakt-Info.plist";
				PRODUCT_NAME = iTrakt;
				VALIDATE_PRODUCT = YES;
			};
			name = Release;
		};
		513401BB12F36249007ED54E /* Debug */ = {
			isa = XCBuildConfiguration;
			buildSettings = {
				ALWAYS_SEARCH_USER_PATHS = NO;
				CODE_SIGN_IDENTITY = "iPhone Developer";
				COPY_PHASE_STRIP = NO;
				FRAMEWORK_SEARCH_PATHS = (
					"$(inherited)",
					"\"$(SRCROOT)/vendor\"",
				);
				GCC_DYNAMIC_NO_PIC = NO;
				GCC_OPTIMIZATION_LEVEL = 0;
				GCC_PRECOMPILE_PREFIX_HEADER = YES;
				GCC_PREFIX_HEADER = "$(SYSTEM_LIBRARY_DIR)/Frameworks/UIKit.framework/Headers/UIKit.h";
				INFOPLIST_FILE = "Specs-Info.plist";
				INSTALL_PATH = "$(HOME)/Applications";
				LIBRARY_SEARCH_PATHS = (
					"$(inherited)",
					"\"$(SRCROOT)/vendor/NuBacon/iOSRunner/build/Debug-iphonesimulator\"",
				);
				OTHER_LDFLAGS = (
					"-framework",
					Foundation,
					"-framework",
					UIKit,
					"-ObjC",
					"-all_load",
				);
				PREBINDING = NO;
				PRODUCT_NAME = Specs;
				SDKROOT = iphoneos;
			};
			name = Debug;
		};
		513401BC12F36249007ED54E /* Release */ = {
			isa = XCBuildConfiguration;
			buildSettings = {
				ALWAYS_SEARCH_USER_PATHS = NO;
				CODE_SIGN_IDENTITY = "iPhone Developer";
				COPY_PHASE_STRIP = YES;
				DEBUG_INFORMATION_FORMAT = "dwarf-with-dsym";
				FRAMEWORK_SEARCH_PATHS = (
					"$(inherited)",
					"\"$(SRCROOT)/vendor\"",
				);
				GCC_ENABLE_FIX_AND_CONTINUE = NO;
				GCC_PRECOMPILE_PREFIX_HEADER = YES;
				GCC_PREFIX_HEADER = "$(SYSTEM_LIBRARY_DIR)/Frameworks/UIKit.framework/Headers/UIKit.h";
				INFOPLIST_FILE = "Specs-Info.plist";
				INSTALL_PATH = "$(HOME)/Applications";
				LIBRARY_SEARCH_PATHS = (
					"$(inherited)",
					"\"$(SRCROOT)/vendor/NuBacon/iOSRunner/build/Debug-iphonesimulator\"",
				);
				OTHER_LDFLAGS = (
					"-framework",
					Foundation,
					"-framework",
					UIKit,
				);
				PREBINDING = NO;
				PRODUCT_NAME = Specs;
				SDKROOT = iphoneos;
				ZERO_LINK = NO;
			};
			name = Release;
		};
		C01FCF4F08A954540054247B /* Debug */ = {
			isa = XCBuildConfiguration;
			buildSettings = {
				ADDITIONAL_SDKS = "";
				ARCHS = "$(ARCHS_STANDARD_32_BIT)";
				"CODE_SIGN_IDENTITY[sdk=iphoneos*]" = "iPhone Developer";
				FRAMEWORK_SEARCH_PATHS = vendor;
				GCC_C_LANGUAGE_STANDARD = c99;
				GCC_WARN_ABOUT_RETURN_TYPE = YES;
				GCC_WARN_UNUSED_VARIABLE = YES;
				HEADER_SEARCH_PATHS = "/usr/include/libxml2/**";
				OTHER_LDFLAGS = (
					"-ObjC",
					"-all_load",
				);
				PREBINDING = NO;
				SDKROOT = iphoneos;
			};
			name = Debug;
		};
		C01FCF5008A954540054247B /* Release */ = {
			isa = XCBuildConfiguration;
			buildSettings = {
				ARCHS = "$(ARCHS_STANDARD_32_BIT)";
				"CODE_SIGN_IDENTITY[sdk=iphoneos*]" = "iPhone Developer";
				GCC_C_LANGUAGE_STANDARD = c99;
				GCC_WARN_ABOUT_RETURN_TYPE = YES;
				GCC_WARN_UNUSED_VARIABLE = YES;
				OTHER_CFLAGS = "-DNS_BLOCK_ASSERTIONS=1";
				PREBINDING = NO;
				SDKROOT = iphoneos;
			};
			name = Release;
		};
/* End XCBuildConfiguration section */

/* Begin XCConfigurationList section */
		1D6058960D05DD3E006BFB54 /* Build configuration list for PBXNativeTarget "iTrakt" */ = {
			isa = XCConfigurationList;
			buildConfigurations = (
				1D6058940D05DD3E006BFB54 /* Debug */,
				1D6058950D05DD3E006BFB54 /* Release */,
			);
			defaultConfigurationIsVisible = 0;
			defaultConfigurationName = Release;
		};
		513401BD12F36249007ED54E /* Build configuration list for PBXNativeTarget "Specs" */ = {
			isa = XCConfigurationList;
			buildConfigurations = (
				513401BB12F36249007ED54E /* Debug */,
				513401BC12F36249007ED54E /* Release */,
			);
			defaultConfigurationIsVisible = 0;
			defaultConfigurationName = Release;
		};
		C01FCF4E08A954540054247B /* Build configuration list for PBXProject "iTrakt" */ = {
			isa = XCConfigurationList;
			buildConfigurations = (
				C01FCF4F08A954540054247B /* Debug */,
				C01FCF5008A954540054247B /* Release */,
			);
			defaultConfigurationIsVisible = 0;
			defaultConfigurationName = Release;
		};
/* End XCConfigurationList section */
	};
	rootObject = 29B97313FDCFA39411CA2CEA /* Project object */;
}
